// !$*UTF8*$!
{
	archiveVersion = 1;
	classes = {
	};
	objectVersion = 46;
	objects = {

/* Begin PBXBuildFile section */
		C8DDC0CA1FE2CCE000AD9505 /* main.swift in Sources */ = {isa = PBXBuildFile; fileRef = C8DDC0C91FE2CCE000AD9505 /* main.swift */; };
		C8DDC0D21FE2CD2C00AD9505 /* Singleton.swift in Sources */ = {isa = PBXBuildFile; fileRef = C8DDC0D11FE2CD2C00AD9505 /* Singleton.swift */; };
		C8DDC0D51FEC014400AD9505 /* AbstractTemplateMethodClass.swift in Sources */ = {isa = PBXBuildFile; fileRef = C8DDC0D41FEC014400AD9505 /* AbstractTemplateMethodClass.swift */; };
/* End PBXBuildFile section */

/* Begin PBXCopyFilesBuildPhase section */
		C8DDC0C41FE2CCE000AD9505 /* CopyFiles */ = {
			isa = PBXCopyFilesBuildPhase;
			buildActionMask = 2147483647;
			dstPath = /usr/share/man/man1/;
			dstSubfolderSpec = 0;
			files = (
			);
			runOnlyForDeploymentPostprocessing = 1;
		};
/* End PBXCopyFilesBuildPhase section */

/* Begin PBXFileReference section */
		C8DDC0C61FE2CCE000AD9505 /* SwiftDesignPatterns */ = {isa = PBXFileReference; explicitFileType = "compiled.mach-o.executable"; includeInIndex = 0; path = SwiftDesignPatterns; sourceTree = BUILT_PRODUCTS_DIR; };
		C8DDC0C91FE2CCE000AD9505 /* main.swift */ = {isa = PBXFileReference; lastKnownFileType = sourcecode.swift; path = main.swift; sourceTree = "<group>"; };
		C8DDC0D11FE2CD2C00AD9505 /* Singleton.swift */ = {isa = PBXFileReference; fileEncoding = 4; lastKnownFileType = sourcecode.swift; path = Singleton.swift; sourceTree = "<group>"; };
		C8DDC0D41FEC014400AD9505 /* AbstractTemplateMethodClass.swift */ = {isa = PBXFileReference; fileEncoding = 4; lastKnownFileType = sourcecode.swift; name = AbstractTemplateMethodClass.swift; path = ../../../../../Documents/AbstractTemplateMethodClass.swift; sourceTree = "<group>"; };
/* End PBXFileReference section */

/* Begin PBXFrameworksBuildPhase section */
		C8DDC0C31FE2CCE000AD9505 /* Frameworks */ = {
			isa = PBXFrameworksBuildPhase;
			buildActionMask = 2147483647;
			files = (
			);
			runOnlyForDeploymentPostprocessing = 0;
		};
/* End PBXFrameworksBuildPhase section */

/* Begin PBXGroup section */
		C8DDC0BD1FE2CCE000AD9505 = {
			isa = PBXGroup;
			children = (
				C8DDC0C81FE2CCE000AD9505 /* SwiftDesignPatterns */,
				C8DDC0C71FE2CCE000AD9505 /* Products */,
			);
			sourceTree = "<group>";
		};
		C8DDC0C71FE2CCE000AD9505 /* Products */ = {
			isa = PBXGroup;
			children = (
				C8DDC0C61FE2CCE000AD9505 /* SwiftDesignPatterns */,
			);
			name = Products;
			sourceTree = "<group>";
		};
		C8DDC0C81FE2CCE000AD9505 /* SwiftDesignPatterns */ = {
			isa = PBXGroup;
			children = (
				C8DDC0D31FEC00FF00AD9505 /* TemplateMethod */,
				C8DDC0D01FE2CD1000AD9505 /* Singleton */,
				C8DDC0C91FE2CCE000AD9505 /* main.swift */,
			);
			path = SwiftDesignPatterns;
			sourceTree = "<group>";
		};
		C8DDC0D01FE2CD1000AD9505 /* Singleton */ = {
			isa = PBXGroup;
			children = (
				C8DDC0D11FE2CD2C00AD9505 /* Singleton.swift */,
			);
			path = Singleton;
			sourceTree = "<group>";
		};
		C8DDC0D31FEC00FF00AD9505 /* TemplateMethod */ = {
			isa = PBXGroup;
			children = (
				C8DDC0D41FEC014400AD9505 /* AbstractTemplateMethodClass.swift */,
			);
			path = TemplateMethod;
			sourceTree = "<group>";
		};
/* End PBXGroup section */

/* Begin PBXNativeTarget section */
		C8DDC0C51FE2CCE000AD9505 /* SwiftDesignPatterns */ = {
			isa = PBXNativeTarget;
			buildConfigurationList = C8DDC0CD1FE2CCE000AD9505 /* Build configuration list for PBXNativeTarget "SwiftDesignPatterns" */;
			buildPhases = (
				C8DDC0C21FE2CCE000AD9505 /* Sources */,
				C8DDC0C31FE2CCE000AD9505 /* Frameworks */,
				C8DDC0C41FE2CCE000AD9505 /* CopyFiles */,
			);
			buildRules = (
			);
			dependencies = (
			);
			name = SwiftDesignPatterns;
			productName = SwiftDesignPatterns;
			productReference = C8DDC0C61FE2CCE000AD9505 /* SwiftDesignPatterns */;
			productType = "com.apple.product-type.tool";
		};
/* End PBXNativeTarget section */

/* Begin PBXProject section */
		C8DDC0BE1FE2CCE000AD9505 /* Project object */ = {
			isa = PBXProject;
			attributes = {
				LastSwiftUpdateCheck = 0830;
				LastUpgradeCheck = 0830;
				ORGANIZATIONNAME = StoryTeaRoom;
				TargetAttributes = {
					C8DDC0C51FE2CCE000AD9505 = {
						CreatedOnToolsVersion = 8.3.3;
						ProvisioningStyle = Automatic;
					};
				};
			};
			buildConfigurationList = C8DDC0C11FE2CCE000AD9505 /* Build configuration list for PBXProject "SwiftDesignPatterns" */;
			compatibilityVersion = "Xcode 3.2";
			developmentRegion = English;
			hasScannedForEncodings = 0;
			knownRegions = (
				en,
			);
			mainGroup = C8DDC0BD1FE2CCE000AD9505;
			productRefGroup = C8DDC0C71FE2CCE000AD9505 /* Products */;
			projectDirPath = "";
			projectRoot = "";
			targets = (
				C8DDC0C51FE2CCE000AD9505 /* SwiftDesignPatterns */,
			);
		};
/* End PBXProject section */

/* Begin PBXSourcesBuildPhase section */
		C8DDC0C21FE2CCE000AD9505 /* Sources */ = {
			isa = PBXSourcesBuildPhase;
			buildActionMask = 2147483647;
			files = (
				C8DDC0CA1FE2CCE000AD9505 /* main.swift in Sources */,
				C8DDC0D51FEC014400AD9505 /* AbstractTemplateMethodClass.swift in Sources */,
				C8DDC0D21FE2CD2C00AD9505 /* Singleton.swift in Sources */,
			);
			runOnlyForDeploymentPostprocessing = 0;
		};
/* End PBXSourcesBuildPhase section */

/* Begin XCBuildConfiguration section */
		C8DDC0CB1FE2CCE000AD9505 /* Debug */ = {
			isa = XCBuildConfiguration;
			buildSettings = {
				ALWAYS_SEARCH_USER_PATHS = NO;
				CLANG_ANALYZER_NONNULL = YES;
				CLANG_ANALYZER_NUMBER_OBJECT_CONVERSION = YES_AGGRESSIVE;
				CLANG_CXX_LANGUAGE_STANDARD = "gnu++0x";
				CLANG_CXX_LIBRARY = "libc++";
				CLANG_ENABLE_MODULES = YES;
				CLANG_ENABLE_OBJC_ARC = YES;
				CLANG_WARN_BOOL_CONVERSION = YES;
				CLANG_WARN_CONSTANT_CONVERSION = YES;
				CLANG_WARN_DIRECT_OBJC_ISA_USAGE = YES_ERROR;
				CLANG_WARN_DOCUMENTATION_COMMENTS = YES;
				CLANG_WARN_EMPTY_BODY = YES;
				CLANG_WARN_ENUM_CONVERSION = YES;
				CLANG_WARN_INFINITE_RECURSION = YES;
				CLANG_WARN_INT_CONVERSION = YES;
				CLANG_WARN_OBJC_ROOT_CLASS = YES_ERROR;
				CLANG_WARN_SUSPICIOUS_MOVE = YES;
				CLANG_WARN_UNREACHABLE_CODE = YES;
				CLANG_WARN__DUPLICATE_METHOD_MATCH = YES;
				CODE_SIGN_IDENTITY = "-";
				COPY_PHASE_STRIP = NO;
				DEBUG_INFORMATION_FORMAT = dwarf;
				ENABLE_STRICT_OBJC_MSGSEND = YES;
				ENABLE_TESTABILITY = YES;
				GCC_C_LANGUAGE_STANDARD = gnu99;
				GCC_DYNAMIC_NO_PIC = NO;
				GCC_NO_COMMON_BLOCKS = YES;
				GCC_OPTIMIZATION_LEVEL = 0;
				GCC_PREPROCESSOR_DEFINITIONS = (
					"DEBUG=1",
					"$(inherited)",
				);
				GCC_WARN_64_TO_32_BIT_CONVERSION = YES;
				GCC_WARN_ABOUT_RETURN_TYPE = YES_ERROR;
				GCC_WARN_UNDECLARED_SELECTOR = YES;
				GCC_WARN_UNINITIALIZED_AUTOS = YES_AGGRESSIVE;
				GCC_WARN_UNUSED_FUNCTION = YES;
				GCC_WARN_UNUSED_VARIABLE = YES;
				MACOSX_DEPLOYMENT_TARGET = 10.12;
				MTL_ENABLE_DEBUG_INFO = YES;
				ONLY_ACTIVE_ARCH = YES;
				SDKROOT = macosx;
				SWIFT_OPTIMIZATION_LEVEL = "-Onone";
			};
			name = Debug;
		};
		C8DDC0CC1FE2CCE000AD9505 /* Release */ = {
			isa = XCBuildConfiguration;
			buildSettings = {
				ALWAYS_SEARCH_USER_PATHS = NO;
				CLANG_ANALYZER_NONNULL = YES;
				CLANG_ANALYZER_NUMBER_OBJECT_CONVERSION = YES_AGGRESSIVE;
				CLANG_CXX_LANGUAGE_STANDARD = "gnu++0x";
				CLANG_CXX_LIBRARY = "libc++";
				CLANG_ENABLE_MODULES = YES;
				CLANG_ENABLE_OBJC_ARC = YES;
				CLANG_WARN_BOOL_CONVERSION = YES;
				CLANG_WARN_CONSTANT_CONVERSION = YES;
				CLANG_WARN_DIRECT_OBJC_ISA_USAGE = YES_ERROR;
				CLANG_WARN_DOCUMENTATION_COMMENTS = YES;
				CLANG_WARN_EMPTY_BODY = YES;
				CLANG_WARN_ENUM_CONVERSION = YES;
				CLANG_WARN_INFINITE_RECURSION = YES;
				CLANG_WARN_INT_CONVERSION = YES;
				CLANG_WARN_OBJC_ROOT_CLASS = YES_ERROR;
				CLANG_WARN_SUSPICIOUS_MOVE = YES;
				CLANG_WARN_UNREACHABLE_CODE = YES;
				CLANG_WARN__DUPLICATE_METHOD_MATCH = YES;
				CODE_SIGN_IDENTITY = "-";
				COPY_PHASE_STRIP = NO;
				DEBUG_INFORMATION_FORMAT = "dwarf-with-dsym";
				ENABLE_NS_ASSERTIONS = NO;
				ENABLE_STRICT_OBJC_MSGSEND = YES;
				GCC_C_LANGUAGE_STANDARD = gnu99;
				GCC_NO_COMMON_BLOCKS = YES;
				GCC_WARN_64_TO_32_BIT_CONVERSION = YES;
				GCC_WARN_ABOUT_RETURN_TYPE = YES_ERROR;
				GCC_WARN_UNDECLARED_SELECTOR = YES;
				GCC_WARN_UNINITIALIZED_AUTOS = YES_AGGRESSIVE;
				GCC_WARN_UNUSED_FUNCTION = YES;
				GCC_WARN_UNUSED_VARIABLE = YES;
				MACOSX_DEPLOYMENT_TARGET = 10.12;
				MTL_ENABLE_DEBUG_INFO = NO;
				SDKROOT = macosx;
			};
			name = Release;
		};
		C8DDC0CE1FE2CCE000AD9505 /* Debug */ = {
			isa = XCBuildConfiguration;
			buildSettings = {
				PRODUCT_NAME = "$(TARGET_NAME)";
				SWIFT_VERSION = 3.0;
			};
			name = Debug;
		};
		C8DDC0CF1FE2CCE000AD9505 /* Release */ = {
			isa = XCBuildConfiguration;
			buildSettings = {
				PRODUCT_NAME = "$(TARGET_NAME)";
				SWIFT_VERSION = 3.0;
			};
			name = Release;
		};
/* End XCBuildConfiguration section */

/* Begin XCConfigurationList section */
		C8DDC0C11FE2CCE000AD9505 /* Build configuration list for PBXProject "SwiftDesignPatterns" */ = {
			isa = XCConfigurationList;
			buildConfigurations = (
				C8DDC0CB1FE2CCE000AD9505 /* Debug */,
				C8DDC0CC1FE2CCE000AD9505 /* Release */,
			);
			defaultConfigurationIsVisible = 0;
			defaultConfigurationName = Release;
		};
		C8DDC0CD1FE2CCE000AD9505 /* Build configuration list for PBXNativeTarget "SwiftDesignPatterns" */ = {
			isa = XCConfigurationList;
			buildConfigurations = (
				C8DDC0CE1FE2CCE000AD9505 /* Debug */,
				C8DDC0CF1FE2CCE000AD9505 /* Release */,
			);
			defaultConfigurationIsVisible = 0;
			defaultConfigurationName = Release;
		};
/* End XCConfigurationList section */
	};
	rootObject = C8DDC0BE1FE2CCE000AD9505 /* Project object */;
}
